{
  "version": 4,
  "terraform_version": "1.13.2",
  "serial": 184,
  "lineage": "f027e42d-1962-d728-0711-efcc2e5c4279",
  "outputs": {},
  "resources": [
    {
      "mode": "data",
      "type": "archive_file",
      "name": "zip_lambda",
      "provider": "provider[\"registry.terraform.io/hashicorp/archive\"]",
      "instances": [
        {
          "schema_version": 0,
          "attributes": {
            "exclude_symlink_directories": null,
            "excludes": null,
            "id": "746c31c83faa2bbbcd0feb2e26ca96e438b03eae",
            "output_base64sha256": "Tc+TtIr/q6xzIbnDkIOVZq+G5L/opEmBKsVSVAFDVFo=",
            "output_base64sha512": "ipEfOBz7OWBVcFWiZTTWqd+csDCWardDzvVrbtUxk2QLU1IiV1w8xNnZi15l7zYiwREQUFnV+g56eC9C0iGuKA==",
            "output_file_mode": null,
            "output_md5": "f66029f5f87e23c47c2ddc7b5c2dc475",
            "output_path": "./pushDataFunction.zip",
            "output_sha": "746c31c83faa2bbbcd0feb2e26ca96e438b03eae",
            "output_sha256": "4dcf93b48affabac7321b9c390839566af86e4bfe8a449812ac552540143545a",
            "output_sha512": "8a911f381cfb3960557055a26534d6a9df9cb030966ab743cef56b6ed53193640b535222575c3cc4d9d98b5e65ef3622c111105059d5fa0e7a782f42d221ae28",
            "output_size": 716,
            "source": [],
            "source_content": null,
            "source_content_filename": null,
            "source_dir": null,
            "source_file": "./push_data.py",
            "type": "zip"
          },
          "sensitive_attributes": [],
          "identity_schema_version": 0
        }
      ]
    },
    {
      "mode": "data",
      "type": "archive_file",
      "name": "zip_lambda2",
      "provider": "provider[\"registry.terraform.io/hashicorp/archive\"]",
      "instances": [
        {
          "schema_version": 0,
          "attributes": {
            "exclude_symlink_directories": null,
            "excludes": null,
            "id": "b6d8cd236d104641b489c21db5b72c0893479e8b",
            "output_base64sha256": "Ol5APnSnqogUSiJlsk2ul5xaqz7SUzgeQaHIEi7XQBM=",
            "output_base64sha512": "bno9pfjEwJH1HqK+hn7X1BnoHgdHtnRDi2pLzZnsHYC1NbIzKmpvVccn3oAliRQGKrgSitqv7bWYepzovCutoA==",
            "output_file_mode": null,
            "output_md5": "7aa86b49267b9921f3d555481e950286",
            "output_path": "./pullDataFunction.zip",
            "output_sha": "b6d8cd236d104641b489c21db5b72c0893479e8b",
            "output_sha256": "3a5e403e74a7aa88144a2265b24dae979c5aab3ed253381e41a1c8122ed74013",
            "output_sha512": "6e7a3da5f8c4c091f51ea2be867ed7d419e81e0747b674438b6a4bcd99ec1d80b535b2332a6a6f55c727de80258914062ab8128adaafedb5987a9ce8bc2bada0",
            "output_size": 1255,
            "source": [],
            "source_content": null,
            "source_content_filename": null,
            "source_dir": null,
            "source_file": "./pull_data.py",
            "type": "zip"
          },
          "sensitive_attributes": [],
          "identity_schema_version": 0
        }
      ]
    },
    {
      "mode": "managed",
      "type": "aws_cloudwatch_event_rule",
      "name": "every_10m",
      "provider": "provider[\"registry.terraform.io/hashicorp/aws\"]",
      "instances": [
        {
          "schema_version": 1,
          "attributes": {
            "arn": "arn:aws:events:eu-west-3:183295454956:rule/lambda2_schedule_rule",
            "description": "",
            "event_bus_name": "default",
            "event_pattern": null,
            "force_destroy": false,
            "id": "lambda2_schedule_rule",
            "is_enabled": true,
            "name": "lambda2_schedule_rule",
            "name_prefix": "",
            "region": "eu-west-3",
            "role_arn": "",
            "schedule_expression": "cron(0/5 * * * ? *)",
            "state": "ENABLED",
            "tags": {},
            "tags_all": {
              "GitRepo": "https://github.com/CallMeSo-gif/serveless-pipeline.git",
              "Owner": "Sorelle Kana",
              "Project": "CSV-to-Parquet"
            }
          },
          "sensitive_attributes": [],
          "identity_schema_version": 0,
          "identity": {
            "account_id": "183295454956",
            "name": "lambda2_schedule_rule",
            "region": "eu-west-3"
          },
          "private": "eyJzY2hlbWFfdmVyc2lvbiI6IjEifQ=="
        }
      ]
    },
    {
      "mode": "managed",
      "type": "aws_cloudwatch_event_target",
      "name": "invoke_lambda2",
      "provider": "provider[\"registry.terraform.io/hashicorp/aws\"]",
      "instances": [
        {
          "schema_version": 1,
          "attributes": {
            "appsync_target": [],
            "arn": "arn:aws:lambda:eu-west-3:183295454956:function:pullDataFunction",
            "batch_target": [],
            "dead_letter_config": [],
            "ecs_target": [],
            "event_bus_name": "default",
            "force_destroy": false,
            "http_target": [],
            "id": "lambda2_schedule_rule-terraform-20250918152241346800000001",
            "input": "",
            "input_path": "",
            "input_transformer": [],
            "kinesis_target": [],
            "redshift_target": [],
            "region": "eu-west-3",
            "retry_policy": [],
            "role_arn": "",
            "rule": "lambda2_schedule_rule",
            "run_command_targets": [],
            "sagemaker_pipeline_target": [],
            "sqs_target": [],
            "target_id": "terraform-20250918152241346800000001"
          },
          "sensitive_attributes": [],
          "identity_schema_version": 0,
          "identity": {
            "account_id": "183295454956",
            "event_bus_name": "default",
            "region": "eu-west-3",
            "rule": "lambda2_schedule_rule",
            "target_id": "terraform-20250918152241346800000001"
          },
          "private": "eyJzY2hlbWFfdmVyc2lvbiI6IjEifQ==",
          "dependencies": [
            "aws_cloudwatch_event_rule.every_10m",
            "aws_iam_role.lambda_exec",
            "aws_lambda_function.csv_to_parquet",
            "aws_s3_bucket.tf_bucket_2",
            "aws_sqs_queue.terraform_queue",
            "data.archive_file.zip_lambda2"
          ]
        }
      ]
    },
    {
      "mode": "managed",
      "type": "aws_iam_policy",
      "name": "lambda_policy",
      "provider": "provider[\"registry.terraform.io/hashicorp/aws\"]",
      "instances": [
        {
          "schema_version": 0,
          "attributes": {
            "arn": "arn:aws:iam::183295454956:policy/lambda-policy",
            "attachment_count": 1,
            "description": "Allow Lambda to read from S3 bucket",
            "id": "arn:aws:iam::183295454956:policy/lambda-policy",
            "name": "lambda-policy",
            "name_prefix": "",
            "path": "/",
            "policy": "{\"Statement\":[{\"Action\":\"s3:GetObject\",\"Effect\":\"Allow\",\"Resource\":\"arn:aws:s3:::bucket-a-csv-565/to_process/*\"},{\"Action\":[\"s3:PutObject\"],\"Effect\":\"Allow\",\"Resource\":\"arn:aws:s3:::bucket-b-parquet-565/*\"},{\"Action\":[\"s3:ListBucket\"],\"Effect\":\"Allow\",\"Resource\":[\"arn:aws:s3:::bucket-a-csv-565\",\"arn:aws:s3:::bucket-b-parquet-565\"]},{\"Action\":[\"logs:CreateLogGroup\",\"logs:CreateLogStream\",\"logs:PutLogEvents\"],\"Effect\":\"Allow\",\"Resource\":\"*\"},{\"Action\":[\"sqs:SendMessage\",\"sqs:ReceiveMessage\",\"sqs:DeleteMessage\",\"sqs:GetQueueAttributes\"],\"Effect\":\"Allow\",\"Resource\":\"arn:aws:sqs:eu-west-3:183295454956:my-sqs-queue\"}],\"Version\":\"2012-10-17\"}",
            "policy_id": "ANPASVLKCV3WOE5SLSNR4",
            "tags": {},
            "tags_all": {
              "GitRepo": "https://github.com/CallMeSo-gif/serveless-pipeline.git",
              "Owner": "Sorelle Kana",
              "Project": "CSV-to-Parquet"
            }
          },
          "sensitive_attributes": [],
          "identity_schema_version": 0,
          "identity": {
            "arn": "arn:aws:iam::183295454956:policy/lambda-policy"
          },
          "private": "bnVsbA==",
          "dependencies": [
            "aws_s3_bucket.tf_bucket",
            "aws_s3_bucket.tf_bucket_2",
            "aws_sqs_queue.terraform_queue"
          ]
        }
      ]
    },
    {
      "mode": "managed",
      "type": "aws_iam_role",
      "name": "lambda_exec",
      "provider": "provider[\"registry.terraform.io/hashicorp/aws\"]",
      "instances": [
        {
          "schema_version": 0,
          "attributes": {
            "arn": "arn:aws:iam::183295454956:role/lambda_role",
            "assume_role_policy": "{\"Statement\":[{\"Action\":\"sts:AssumeRole\",\"Effect\":\"Allow\",\"Principal\":{\"Service\":\"lambda.amazonaws.com\"}}],\"Version\":\"2012-10-17\"}",
            "create_date": "2025-09-18T21:44:22Z",
            "description": "",
            "force_detach_policies": false,
            "id": "lambda_role",
            "inline_policy": [],
            "managed_policy_arns": [
              "arn:aws:iam::183295454956:policy/lambda-policy",
              "arn:aws:iam::aws:policy/service-role/AWSLambdaBasicExecutionRole"
            ],
            "max_session_duration": 3600,
            "name": "lambda_role",
            "name_prefix": "",
            "path": "/",
            "permissions_boundary": "",
            "tags": {},
            "tags_all": {
              "GitRepo": "https://github.com/CallMeSo-gif/serveless-pipeline.git",
              "Owner": "Sorelle Kana",
              "Project": "CSV-to-Parquet"
            },
            "unique_id": "AROASVLKCV3WDUESTUAPO"
          },
          "sensitive_attributes": [],
          "identity_schema_version": 0,
          "identity": {
            "account_id": "183295454956",
            "name": "lambda_role"
          },
          "private": "bnVsbA=="
        }
      ]
    },
    {
      "mode": "managed",
      "type": "aws_iam_role_policy_attachment",
      "name": "attach_policy",
      "provider": "provider[\"registry.terraform.io/hashicorp/aws\"]",
      "instances": [
        {
          "schema_version": 0,
          "attributes": {
            "id": "lambda_role/arn:aws:iam::183295454956:policy/lambda-policy",
            "policy_arn": "arn:aws:iam::183295454956:policy/lambda-policy",
            "role": "lambda_role"
          },
          "sensitive_attributes": [],
          "identity_schema_version": 0,
          "identity": {
            "account_id": "183295454956",
            "policy_arn": "arn:aws:iam::183295454956:policy/lambda-policy",
            "role": "lambda_role"
          },
          "private": "bnVsbA==",
          "dependencies": [
            "aws_iam_policy.lambda_policy",
            "aws_iam_role.lambda_exec",
            "aws_s3_bucket.tf_bucket",
            "aws_s3_bucket.tf_bucket_2",
            "aws_sqs_queue.terraform_queue"
          ]
        }
      ]
    },
    {
      "mode": "managed",
      "type": "aws_iam_role_policy_attachment",
      "name": "attach_policy_cloudwatch",
      "provider": "provider[\"registry.terraform.io/hashicorp/aws\"]",
      "instances": [
        {
          "schema_version": 0,
          "attributes": {
            "id": "lambda_role/arn:aws:iam::aws:policy/service-role/AWSLambdaBasicExecutionRole",
            "policy_arn": "arn:aws:iam::aws:policy/service-role/AWSLambdaBasicExecutionRole",
            "role": "lambda_role"
          },
          "sensitive_attributes": [],
          "identity_schema_version": 0,
          "identity": {
            "account_id": "183295454956",
            "policy_arn": "arn:aws:iam::aws:policy/service-role/AWSLambdaBasicExecutionRole",
            "role": "lambda_role"
          },
          "private": "bnVsbA==",
          "dependencies": [
            "aws_iam_role.lambda_exec"
          ]
        }
      ]
    },
    {
      "mode": "managed",
      "type": "aws_lambda_function",
      "name": "csv_to_parquet",
      "provider": "provider[\"registry.terraform.io/hashicorp/aws\"]",
      "instances": [
        {
          "schema_version": 0,
          "attributes": {
            "architectures": [
              "x86_64"
            ],
            "arn": "arn:aws:lambda:eu-west-3:183295454956:function:pullDataFunction",
            "code_sha256": "Ol5APnSnqogUSiJlsk2ul5xaqz7SUzgeQaHIEi7XQBM=",
            "code_signing_config_arn": "",
            "dead_letter_config": [],
            "description": "",
            "environment": [
              {
                "variables": {
                  "QUEUE_URL": "https://sqs.eu-west-3.amazonaws.com/183295454956/my-sqs-queue",
                  "S3_BUCKET_KEY": "bucket-b-parquet-565"
                }
              }
            ],
            "ephemeral_storage": [
              {
                "size": 512
              }
            ],
            "file_system_config": [],
            "filename": "./pullDataFunction.zip",
            "function_name": "pullDataFunction",
            "handler": "pull_data.lambda_handler",
            "id": "pullDataFunction",
            "image_config": [],
            "image_uri": "",
            "invoke_arn": "arn:aws:apigateway:eu-west-3:lambda:path/2015-03-31/functions/arn:aws:lambda:eu-west-3:183295454956:function:pullDataFunction/invocations",
            "kms_key_arn": "",
            "last_modified": "2025-09-22T08:57:08.000+0000",
            "layers": [
              "arn:aws:lambda:eu-west-3:183295454956:layer:aws-data-wrangler:1"
            ],
            "logging_config": [
              {
                "application_log_level": "",
                "log_format": "Text",
                "log_group": "/aws/lambda/pullDataFunction",
                "system_log_level": ""
              }
            ],
            "memory_size": 250,
            "package_type": "Zip",
            "publish": false,
            "qualified_arn": "arn:aws:lambda:eu-west-3:183295454956:function:pullDataFunction:$LATEST",
            "qualified_invoke_arn": "arn:aws:apigateway:eu-west-3:lambda:path/2015-03-31/functions/arn:aws:lambda:eu-west-3:183295454956:function:pullDataFunction:$LATEST/invocations",
            "region": "eu-west-3",
            "replace_security_groups_on_destroy": null,
            "replacement_security_group_ids": null,
            "reserved_concurrent_executions": -1,
            "role": "arn:aws:iam::183295454956:role/lambda_role",
            "runtime": "python3.10",
            "s3_bucket": null,
            "s3_key": null,
            "s3_object_version": null,
            "signing_job_arn": "",
            "signing_profile_version_arn": "",
            "skip_destroy": false,
            "snap_start": [],
            "source_code_hash": "Ol5APnSnqogUSiJlsk2ul5xaqz7SUzgeQaHIEi7XQBM=",
            "source_code_size": 1255,
            "source_kms_key_arn": "",
            "tags": {},
            "tags_all": {
              "GitRepo": "https://github.com/CallMeSo-gif/serveless-pipeline.git",
              "Owner": "Sorelle Kana",
              "Project": "CSV-to-Parquet"
            },
            "timeout": 10,
            "timeouts": null,
            "tracing_config": [
              {
                "mode": "PassThrough"
              }
            ],
            "version": "$LATEST",
            "vpc_config": []
          },
          "sensitive_attributes": [],
          "identity_schema_version": 0,
          "identity": {
            "account_id": "183295454956",
            "function_name": "pullDataFunction",
            "region": "eu-west-3"
          },
          "private": "eyJlMmJmYjczMC1lY2FhLTExZTYtOGY4OC0zNDM2M2JjN2M0YzAiOnsiY3JlYXRlIjo2MDAwMDAwMDAwMDAsImRlbGV0ZSI6NjAwMDAwMDAwMDAwLCJ1cGRhdGUiOjYwMDAwMDAwMDAwMH19",
          "dependencies": [
            "aws_iam_role.lambda_exec",
            "aws_s3_bucket.tf_bucket_2",
            "aws_sqs_queue.terraform_queue",
            "data.archive_file.zip_lambda2"
          ]
        }
      ]
    },
    {
      "mode": "managed",
      "type": "aws_lambda_function",
      "name": "process_s3_files",
      "provider": "provider[\"registry.terraform.io/hashicorp/aws\"]",
      "instances": [
        {
          "schema_version": 0,
          "attributes": {
            "architectures": [
              "x86_64"
            ],
            "arn": "arn:aws:lambda:eu-west-3:183295454956:function:pushDataFunction",
            "code_sha256": "Tc+TtIr/q6xzIbnDkIOVZq+G5L/opEmBKsVSVAFDVFo=",
            "code_signing_config_arn": "",
            "dead_letter_config": [],
            "description": "",
            "environment": [
              {
                "variables": {
                  "QUEUE_URL": "https://sqs.eu-west-3.amazonaws.com/183295454956/my-sqs-queue"
                }
              }
            ],
            "ephemeral_storage": [
              {
                "size": 512
              }
            ],
            "file_system_config": [],
            "filename": "./pushDataFunction.zip",
            "function_name": "pushDataFunction",
            "handler": "push_data.lambda_handler",
            "id": "pushDataFunction",
            "image_config": [],
            "image_uri": "",
            "invoke_arn": "arn:aws:apigateway:eu-west-3:lambda:path/2015-03-31/functions/arn:aws:lambda:eu-west-3:183295454956:function:pushDataFunction/invocations",
            "kms_key_arn": "",
            "last_modified": "2025-09-18T21:44:39.000+0000",
            "layers": [],
            "logging_config": [
              {
                "application_log_level": "",
                "log_format": "Text",
                "log_group": "/aws/lambda/pushDataFunction",
                "system_log_level": ""
              }
            ],
            "memory_size": 128,
            "package_type": "Zip",
            "publish": false,
            "qualified_arn": "arn:aws:lambda:eu-west-3:183295454956:function:pushDataFunction:$LATEST",
            "qualified_invoke_arn": "arn:aws:apigateway:eu-west-3:lambda:path/2015-03-31/functions/arn:aws:lambda:eu-west-3:183295454956:function:pushDataFunction:$LATEST/invocations",
            "region": "eu-west-3",
            "replace_security_groups_on_destroy": null,
            "replacement_security_group_ids": null,
            "reserved_concurrent_executions": -1,
            "role": "arn:aws:iam::183295454956:role/lambda_role",
            "runtime": "python3.10",
            "s3_bucket": null,
            "s3_key": null,
            "s3_object_version": null,
            "signing_job_arn": "",
            "signing_profile_version_arn": "",
            "skip_destroy": false,
            "snap_start": [],
            "source_code_hash": "Tc+TtIr/q6xzIbnDkIOVZq+G5L/opEmBKsVSVAFDVFo=",
            "source_code_size": 716,
            "source_kms_key_arn": "",
            "tags": {
              "tag-key": "push_data_to_sqs"
            },
            "tags_all": {
              "GitRepo": "https://github.com/CallMeSo-gif/serveless-pipeline.git",
              "Owner": "Sorelle Kana",
              "Project": "CSV-to-Parquet",
              "tag-key": "push_data_to_sqs"
            },
            "timeout": 3,
            "timeouts": null,
            "tracing_config": [
              {
                "mode": "PassThrough"
              }
            ],
            "version": "$LATEST",
            "vpc_config": []
          },
          "sensitive_attributes": [],
          "identity_schema_version": 0,
          "identity": {
            "account_id": "183295454956",
            "function_name": "pushDataFunction",
            "region": "eu-west-3"
          },
          "private": "eyJlMmJmYjczMC1lY2FhLTExZTYtOGY4OC0zNDM2M2JjN2M0YzAiOnsiY3JlYXRlIjo2MDAwMDAwMDAwMDAsImRlbGV0ZSI6NjAwMDAwMDAwMDAwLCJ1cGRhdGUiOjYwMDAwMDAwMDAwMH19",
          "dependencies": [
            "aws_iam_role.lambda_exec",
            "aws_sqs_queue.terraform_queue",
            "data.archive_file.zip_lambda"
          ]
        }
      ]
    },
    {
      "mode": "managed",
      "type": "aws_lambda_permission",
      "name": "allow_events_invoke",
      "provider": "provider[\"registry.terraform.io/hashicorp/aws\"]",
      "instances": [
        {
          "schema_version": 0,
          "attributes": {
            "action": "lambda:InvokeFunction",
            "event_source_token": null,
            "function_name": "pullDataFunction",
            "function_url_auth_type": null,
            "id": "AllowExecutionFromEvents",
            "principal": "events.amazonaws.com",
            "principal_org_id": null,
            "qualifier": "",
            "region": "eu-west-3",
            "source_account": null,
            "source_arn": "arn:aws:events:eu-west-3:183295454956:rule/lambda2_schedule_rule",
            "statement_id": "AllowExecutionFromEvents",
            "statement_id_prefix": ""
          },
          "sensitive_attributes": [],
          "identity_schema_version": 0,
          "identity": {
            "account_id": "183295454956",
            "function_name": "pullDataFunction",
            "qualifier": null,
            "region": "eu-west-3",
            "statement_id": "AllowExecutionFromEvents"
          },
          "private": "bnVsbA==",
          "dependencies": [
            "aws_cloudwatch_event_rule.every_10m",
            "aws_iam_role.lambda_exec",
            "aws_lambda_function.csv_to_parquet",
            "aws_s3_bucket.tf_bucket_2",
            "aws_sqs_queue.terraform_queue",
            "data.archive_file.zip_lambda2"
          ]
        }
      ]
    },
    {
      "mode": "managed",
      "type": "aws_lambda_permission",
      "name": "allow_s3",
      "provider": "provider[\"registry.terraform.io/hashicorp/aws\"]",
      "instances": [
        {
          "schema_version": 0,
          "attributes": {
            "action": "lambda:InvokeFunction",
            "event_source_token": null,
            "function_name": "pushDataFunction",
            "function_url_auth_type": null,
            "id": "AllowS3Invoke",
            "principal": "s3.amazonaws.com",
            "principal_org_id": null,
            "qualifier": "",
            "region": "eu-west-3",
            "source_account": null,
            "source_arn": "arn:aws:s3:::bucket-a-csv-565",
            "statement_id": "AllowS3Invoke",
            "statement_id_prefix": ""
          },
          "sensitive_attributes": [],
          "identity_schema_version": 0,
          "identity": {
            "account_id": "183295454956",
            "function_name": "pushDataFunction",
            "qualifier": null,
            "region": "eu-west-3",
            "statement_id": "AllowS3Invoke"
          },
          "private": "bnVsbA==",
          "dependencies": [
            "aws_iam_role.lambda_exec",
            "aws_lambda_function.process_s3_files",
            "aws_s3_bucket.tf_bucket",
            "aws_sqs_queue.terraform_queue",
            "data.archive_file.zip_lambda"
          ]
        }
      ]
    },
    {
      "mode": "managed",
      "type": "aws_s3_bucket",
      "name": "tf_bucket",
      "provider": "provider[\"registry.terraform.io/hashicorp/aws\"]",
      "instances": [
        {
          "schema_version": 0,
          "attributes": {
            "acceleration_status": "",
            "acl": null,
            "arn": "arn:aws:s3:::bucket-a-csv-565",
            "bucket": "bucket-a-csv-565",
            "bucket_domain_name": "bucket-a-csv-565.s3.amazonaws.com",
            "bucket_prefix": "",
            "bucket_region": "eu-west-3",
            "bucket_regional_domain_name": "bucket-a-csv-565.s3.eu-west-3.amazonaws.com",
            "cors_rule": [],
            "force_destroy": false,
            "grant": [
              {
                "id": "c0af5c80868777da04bffd7341c5f0ccc541a787329dc73f9499d5713f71c1e2",
                "permissions": [
                  "FULL_CONTROL"
                ],
                "type": "CanonicalUser",
                "uri": ""
              }
            ],
            "hosted_zone_id": "Z3R1K369G5AVDG",
            "id": "bucket-a-csv-565",
            "lifecycle_rule": [],
            "logging": [],
            "object_lock_configuration": [],
            "object_lock_enabled": false,
            "policy": "",
            "region": "eu-west-3",
            "replication_configuration": [],
            "request_payer": "BucketOwner",
            "server_side_encryption_configuration": [
              {
                "rule": [
                  {
                    "apply_server_side_encryption_by_default": [
                      {
                        "kms_master_key_id": "",
                        "sse_algorithm": "AES256"
                      }
                    ],
                    "bucket_key_enabled": false
                  }
                ]
              }
            ],
            "tags": {},
            "tags_all": {
              "GitRepo": "https://github.com/CallMeSo-gif/serveless-pipeline.git",
              "Owner": "Sorelle Kana",
              "Project": "CSV-to-Parquet"
            },
            "timeouts": null,
            "versioning": [
              {
                "enabled": false,
                "mfa_delete": false
              }
            ],
            "website": [],
            "website_domain": null,
            "website_endpoint": null
          },
          "sensitive_attributes": [],
          "identity_schema_version": 0,
          "identity": {
            "account_id": "183295454956",
            "bucket": "bucket-a-csv-565",
            "region": "eu-west-3"
          },
          "private": "eyJlMmJmYjczMC1lY2FhLTExZTYtOGY4OC0zNDM2M2JjN2M0YzAiOnsiY3JlYXRlIjoxMjAwMDAwMDAwMDAwLCJkZWxldGUiOjM2MDAwMDAwMDAwMDAsInJlYWQiOjEyMDAwMDAwMDAwMDAsInVwZGF0ZSI6MTIwMDAwMDAwMDAwMH19"
        }
      ]
    },
    {
      "mode": "managed",
      "type": "aws_s3_bucket",
      "name": "tf_bucket_2",
      "provider": "provider[\"registry.terraform.io/hashicorp/aws\"]",
      "instances": [
        {
          "schema_version": 0,
          "attributes": {
            "acceleration_status": "",
            "acl": null,
            "arn": "arn:aws:s3:::bucket-b-parquet-565",
            "bucket": "bucket-b-parquet-565",
            "bucket_domain_name": "bucket-b-parquet-565.s3.amazonaws.com",
            "bucket_prefix": "",
            "bucket_region": "eu-west-3",
            "bucket_regional_domain_name": "bucket-b-parquet-565.s3.eu-west-3.amazonaws.com",
            "cors_rule": [],
            "force_destroy": false,
            "grant": [
              {
                "id": "c0af5c80868777da04bffd7341c5f0ccc541a787329dc73f9499d5713f71c1e2",
                "permissions": [
                  "FULL_CONTROL"
                ],
                "type": "CanonicalUser",
                "uri": ""
              }
            ],
            "hosted_zone_id": "Z3R1K369G5AVDG",
            "id": "bucket-b-parquet-565",
            "lifecycle_rule": [],
            "logging": [],
            "object_lock_configuration": [],
            "object_lock_enabled": false,
            "policy": "",
            "region": "eu-west-3",
            "replication_configuration": [],
            "request_payer": "BucketOwner",
            "server_side_encryption_configuration": [
              {
                "rule": [
                  {
                    "apply_server_side_encryption_by_default": [
                      {
                        "kms_master_key_id": "",
                        "sse_algorithm": "AES256"
                      }
                    ],
                    "bucket_key_enabled": false
                  }
                ]
              }
            ],
            "tags": {},
            "tags_all": {
              "GitRepo": "https://github.com/CallMeSo-gif/serveless-pipeline.git",
              "Owner": "Sorelle Kana",
              "Project": "CSV-to-Parquet"
            },
            "timeouts": null,
            "versioning": [
              {
                "enabled": false,
                "mfa_delete": false
              }
            ],
            "website": [],
            "website_domain": null,
            "website_endpoint": null
          },
          "sensitive_attributes": [],
          "identity_schema_version": 0,
          "identity": {
            "account_id": "183295454956",
            "bucket": "bucket-b-parquet-565",
            "region": "eu-west-3"
          },
          "private": "eyJlMmJmYjczMC1lY2FhLTExZTYtOGY4OC0zNDM2M2JjN2M0YzAiOnsiY3JlYXRlIjoxMjAwMDAwMDAwMDAwLCJkZWxldGUiOjM2MDAwMDAwMDAwMDAsInJlYWQiOjEyMDAwMDAwMDAwMDAsInVwZGF0ZSI6MTIwMDAwMDAwMDAwMH19"
        }
      ]
    },
    {
      "mode": "managed",
      "type": "aws_s3_bucket_notification",
      "name": "bucket_notification",
      "provider": "provider[\"registry.terraform.io/hashicorp/aws\"]",
      "instances": [
        {
          "schema_version": 0,
          "attributes": {
            "bucket": "bucket-a-csv-565",
            "eventbridge": false,
            "id": "bucket-a-csv-565",
            "lambda_function": [
              {
                "events": [
                  "s3:ObjectCreated:*"
                ],
                "filter_prefix": "to_process/",
                "filter_suffix": "",
                "id": "tf-s3-lambda-20250917152726432200000001",
                "lambda_function_arn": "arn:aws:lambda:eu-west-3:183295454956:function:pushDataFunction"
              }
            ],
            "queue": [],
            "region": "eu-west-3",
            "topic": []
          },
          "sensitive_attributes": [],
          "identity_schema_version": 0,
          "identity": {
            "account_id": "183295454956",
            "bucket": "bucket-a-csv-565",
            "region": "eu-west-3"
          },
          "private": "bnVsbA==",
          "dependencies": [
            "aws_iam_role.lambda_exec",
            "aws_lambda_function.process_s3_files",
            "aws_lambda_permission.allow_s3",
            "aws_s3_bucket.tf_bucket",
            "aws_sqs_queue.terraform_queue",
            "data.archive_file.zip_lambda"
          ]
        }
      ]
    },
    {
      "mode": "managed",
      "type": "aws_sqs_queue",
      "name": "terraform_queue",
      "provider": "provider[\"registry.terraform.io/hashicorp/aws\"]",
      "instances": [
        {
          "schema_version": 0,
          "attributes": {
            "arn": "arn:aws:sqs:eu-west-3:183295454956:my-sqs-queue",
            "content_based_deduplication": false,
            "deduplication_scope": "",
            "delay_seconds": 0,
            "fifo_queue": false,
            "fifo_throughput_limit": "",
            "id": "https://sqs.eu-west-3.amazonaws.com/183295454956/my-sqs-queue",
            "kms_data_key_reuse_period_seconds": 300,
            "kms_master_key_id": "",
            "max_message_size": 262144,
            "message_retention_seconds": 86400,
            "name": "my-sqs-queue",
            "name_prefix": "",
            "policy": "",
            "receive_wait_time_seconds": 10,
            "redrive_allow_policy": "",
            "redrive_policy": "",
            "region": "eu-west-3",
            "sqs_managed_sse_enabled": true,
            "tags": {},
            "tags_all": {
              "GitRepo": "https://github.com/CallMeSo-gif/serveless-pipeline.git",
              "Owner": "Sorelle Kana",
              "Project": "CSV-to-Parquet"
            },
            "timeouts": null,
            "url": "https://sqs.eu-west-3.amazonaws.com/183295454956/my-sqs-queue",
            "visibility_timeout_seconds": 30
          },
          "sensitive_attributes": [],
          "identity_schema_version": 0,
          "identity": {
            "account_id": "183295454956",
            "region": "eu-west-3",
            "url": "https://sqs.eu-west-3.amazonaws.com/183295454956/my-sqs-queue"
          },
          "private": "eyJlMmJmYjczMC1lY2FhLTExZTYtOGY4OC0zNDM2M2JjN2M0YzAiOnsiY3JlYXRlIjoxODAwMDAwMDAwMDAsImRlbGV0ZSI6MTgwMDAwMDAwMDAwLCJ1cGRhdGUiOjE4MDAwMDAwMDAwMH19"
        }
      ]
    }
  ],
  "check_results": null
}
