{
  "version": 4,
  "terraform_version": "1.13.2",
  "serial": 257,
  "lineage": "f027e42d-1962-d728-0711-efcc2e5c4279",
  "outputs": {},
  "resources": [
    {
      "mode": "data",
      "type": "archive_file",
      "name": "zip_lambda",
      "provider": "provider[\"registry.terraform.io/hashicorp/archive\"]",
      "instances": [
        {
          "schema_version": 0,
          "attributes": {
            "exclude_symlink_directories": null,
            "excludes": null,
            "id": "746c31c83faa2bbbcd0feb2e26ca96e438b03eae",
            "output_base64sha256": "Tc+TtIr/q6xzIbnDkIOVZq+G5L/opEmBKsVSVAFDVFo=",
            "output_base64sha512": "ipEfOBz7OWBVcFWiZTTWqd+csDCWardDzvVrbtUxk2QLU1IiV1w8xNnZi15l7zYiwREQUFnV+g56eC9C0iGuKA==",
            "output_file_mode": null,
            "output_md5": "f66029f5f87e23c47c2ddc7b5c2dc475",
            "output_path": "./pushDataFunction.zip",
            "output_sha": "746c31c83faa2bbbcd0feb2e26ca96e438b03eae",
            "output_sha256": "4dcf93b48affabac7321b9c390839566af86e4bfe8a449812ac552540143545a",
            "output_sha512": "8a911f381cfb3960557055a26534d6a9df9cb030966ab743cef56b6ed53193640b535222575c3cc4d9d98b5e65ef3622c111105059d5fa0e7a782f42d221ae28",
            "output_size": 716,
            "source": [],
            "source_content": null,
            "source_content_filename": null,
            "source_dir": null,
            "source_file": "./../lambda_functions/push_data.py",
            "type": "zip"
          },
          "sensitive_attributes": [],
          "identity_schema_version": 0
        }
      ]
    },
    {
      "mode": "data",
      "type": "archive_file",
      "name": "zip_lambda2",
      "provider": "provider[\"registry.terraform.io/hashicorp/archive\"]",
      "instances": [
        {
          "schema_version": 0,
          "attributes": {
            "exclude_symlink_directories": null,
            "excludes": null,
            "id": "34828333ee7001b919572dbb3cdc27a72254f2c3",
            "output_base64sha256": "aLlxQKY74vwqi3S1LG+DMGk1dt8HkryWvqx2uI1Cs8k=",
            "output_base64sha512": "WWANPFFEqZemIFPOMWnf4yX12K0ZmGJy098zEIXIBiVrLr25E2Nw3KTJ1ThK7dFRwdRvVRPcjB8uBJJf6TAn6A==",
            "output_file_mode": null,
            "output_md5": "e143a5fc09726b12d772e23b939f0189",
            "output_path": "./pullDataFunction.zip",
            "output_sha": "34828333ee7001b919572dbb3cdc27a72254f2c3",
            "output_sha256": "68b97140a63be2fc2a8b74b52c6f8330693576df0792bc96beac76b88d42b3c9",
            "output_sha512": "59600d3c5144a997a62053ce3169dfe325f5d8ad19986272d3df331085c806256b2ebdb9136370dca4c9d5384aedd151c1d46f5513dc8c1f2e04925fe93027e8",
            "output_size": 1077,
            "source": [],
            "source_content": null,
            "source_content_filename": null,
            "source_dir": null,
            "source_file": "./../lambda_functions/pull_data.py",
            "type": "zip"
          },
          "sensitive_attributes": [],
          "identity_schema_version": 0
        }
      ]
    },
    {
      "mode": "managed",
      "type": "aws_cloudwatch_event_rule",
      "name": "every_10m",
      "provider": "provider[\"registry.terraform.io/hashicorp/aws\"]",
      "instances": [
        {
          "schema_version": 1,
          "attributes": {
            "arn": "arn:aws:events:eu-west-3:183295454956:rule/lambda2_schedule_rule",
            "description": "",
            "event_bus_name": "default",
            "event_pattern": null,
            "force_destroy": false,
            "id": "lambda2_schedule_rule",
            "is_enabled": true,
            "name": "lambda2_schedule_rule",
            "name_prefix": "",
            "region": "eu-west-3",
            "role_arn": "",
            "schedule_expression": "cron(0/5 * * * ? *)",
            "state": "ENABLED",
            "tags": null,
            "tags_all": {
              "GitRepo": "https://github.com/CallMeSo-gif/serveless-pipeline.git",
              "Owner": "Sorelle Kana",
              "Project": "CSV-to-Parquet"
            }
          },
          "sensitive_attributes": [],
          "identity_schema_version": 0,
          "identity": {
            "account_id": "183295454956",
            "name": "lambda2_schedule_rule",
            "region": "eu-west-3"
          },
          "private": "eyJzY2hlbWFfdmVyc2lvbiI6IjEifQ=="
        }
      ]
    },
    {
      "mode": "managed",
      "type": "aws_cloudwatch_event_target",
      "name": "invoke_lambda2",
      "provider": "provider[\"registry.terraform.io/hashicorp/aws\"]",
      "instances": [
        {
          "schema_version": 1,
          "attributes": {
            "appsync_target": [],
            "arn": "arn:aws:lambda:eu-west-3:183295454956:function:pullDataFunction",
            "batch_target": [],
            "dead_letter_config": [],
            "ecs_target": [],
            "event_bus_name": "default",
            "force_destroy": false,
            "http_target": [],
            "id": "lambda2_schedule_rule-terraform-20250930084500794800000001",
            "input": "",
            "input_path": "",
            "input_transformer": [],
            "kinesis_target": [],
            "redshift_target": [],
            "region": "eu-west-3",
            "retry_policy": [],
            "role_arn": "",
            "rule": "lambda2_schedule_rule",
            "run_command_targets": [],
            "sagemaker_pipeline_target": [],
            "sqs_target": [],
            "target_id": "terraform-20250930084500794800000001"
          },
          "sensitive_attributes": [],
          "identity_schema_version": 0,
          "identity": {
            "account_id": "183295454956",
            "event_bus_name": "default",
            "region": "eu-west-3",
            "rule": "lambda2_schedule_rule",
            "target_id": "terraform-20250930084500794800000001"
          },
          "private": "eyJzY2hlbWFfdmVyc2lvbiI6IjEifQ==",
          "dependencies": [
            "aws_cloudwatch_event_rule.every_10m",
            "aws_iam_role.lambda_exec",
            "aws_lambda_function.csv_to_parquet",
            "aws_s3_bucket.tf_bucket_2",
            "aws_sqs_queue.terraform_queue",
            "data.archive_file.zip_lambda2"
          ]
        }
      ]
    },
    {
      "mode": "managed",
      "type": "aws_iam_policy",
      "name": "lambda_policy",
      "provider": "provider[\"registry.terraform.io/hashicorp/aws\"]",
      "instances": [
        {
          "schema_version": 0,
          "attributes": {
            "arn": "arn:aws:iam::183295454956:policy/lambda-policy",
            "attachment_count": 0,
            "description": "Allow Lambda to read from S3 bucket",
            "id": "arn:aws:iam::183295454956:policy/lambda-policy",
            "name": "lambda-policy",
            "name_prefix": "",
            "path": "/",
            "policy": "{\"Statement\":[{\"Action\":\"s3:GetObject\",\"Effect\":\"Allow\",\"Resource\":\"arn:aws:s3:::bucket-a-csv-565/to_process/*\"},{\"Action\":[\"s3:PutObject\"],\"Effect\":\"Allow\",\"Resource\":\"arn:aws:s3:::bucket-b-parquet-565/*\"},{\"Action\":[\"s3:ListBucket\"],\"Effect\":\"Allow\",\"Resource\":[\"arn:aws:s3:::bucket-a-csv-565\",\"arn:aws:s3:::bucket-b-parquet-565\"]},{\"Action\":[\"logs:CreateLogGroup\",\"logs:CreateLogStream\",\"logs:PutLogEvents\"],\"Effect\":\"Allow\",\"Resource\":\"*\"},{\"Action\":[\"sqs:SendMessage\",\"sqs:ReceiveMessage\",\"sqs:DeleteMessage\",\"sqs:GetQueueAttributes\"],\"Effect\":\"Allow\",\"Resource\":\"arn:aws:sqs:eu-west-3:183295454956:my-sqs-queue\"}],\"Version\":\"2012-10-17\"}",
            "policy_id": "ANPASVLKCV3WFOYLMGENU",
            "tags": null,
            "tags_all": {
              "GitRepo": "https://github.com/CallMeSo-gif/serveless-pipeline.git",
              "Owner": "Sorelle Kana",
              "Project": "CSV-to-Parquet"
            }
          },
          "sensitive_attributes": [],
          "identity_schema_version": 0,
          "identity": {
            "arn": "arn:aws:iam::183295454956:policy/lambda-policy"
          },
          "private": "bnVsbA==",
          "dependencies": [
            "aws_s3_bucket.tf_bucket",
            "aws_s3_bucket.tf_bucket_2",
            "aws_sqs_queue.terraform_queue"
          ]
        }
      ]
    },
    {
      "mode": "managed",
      "type": "aws_iam_role",
      "name": "lambda_exec",
      "provider": "provider[\"registry.terraform.io/hashicorp/aws\"]",
      "instances": [
        {
          "schema_version": 0,
          "attributes": {
            "arn": "arn:aws:iam::183295454956:role/lambda_role",
            "assume_role_policy": "{\"Statement\":[{\"Action\":\"sts:AssumeRole\",\"Effect\":\"Allow\",\"Principal\":{\"Service\":\"lambda.amazonaws.com\"}}],\"Version\":\"2012-10-17\"}",
            "create_date": "2025-09-30T08:44:04Z",
            "description": "",
            "force_detach_policies": false,
            "id": "lambda_role",
            "inline_policy": [],
            "managed_policy_arns": [],
            "max_session_duration": 3600,
            "name": "lambda_role",
            "name_prefix": "",
            "path": "/",
            "permissions_boundary": "",
            "tags": null,
            "tags_all": {
              "GitRepo": "https://github.com/CallMeSo-gif/serveless-pipeline.git",
              "Owner": "Sorelle Kana",
              "Project": "CSV-to-Parquet"
            },
            "unique_id": "AROASVLKCV3WG3SOSCVR3"
          },
          "sensitive_attributes": [],
          "identity_schema_version": 0,
          "identity": {
            "account_id": "183295454956",
            "name": "lambda_role"
          },
          "private": "bnVsbA=="
        }
      ]
    },
    {
      "mode": "managed",
      "type": "aws_iam_role_policy_attachment",
      "name": "attach_policy",
      "provider": "provider[\"registry.terraform.io/hashicorp/aws\"]",
      "instances": [
        {
          "schema_version": 0,
          "attributes": {
            "id": "lambda_role/arn:aws:iam::183295454956:policy/lambda-policy",
            "policy_arn": "arn:aws:iam::183295454956:policy/lambda-policy",
            "role": "lambda_role"
          },
          "sensitive_attributes": [],
          "identity_schema_version": 0,
          "identity": {
            "account_id": "183295454956",
            "policy_arn": "arn:aws:iam::183295454956:policy/lambda-policy",
            "role": "lambda_role"
          },
          "private": "bnVsbA==",
          "dependencies": [
            "aws_iam_policy.lambda_policy",
            "aws_iam_role.lambda_exec",
            "aws_s3_bucket.tf_bucket",
            "aws_s3_bucket.tf_bucket_2",
            "aws_sqs_queue.terraform_queue"
          ]
        }
      ]
    },
    {
      "mode": "managed",
      "type": "aws_iam_role_policy_attachment",
      "name": "attach_policy_cloudwatch",
      "provider": "provider[\"registry.terraform.io/hashicorp/aws\"]",
      "instances": [
        {
          "schema_version": 0,
          "attributes": {
            "id": "lambda_role/arn:aws:iam::aws:policy/service-role/AWSLambdaBasicExecutionRole",
            "policy_arn": "arn:aws:iam::aws:policy/service-role/AWSLambdaBasicExecutionRole",
            "role": "lambda_role"
          },
          "sensitive_attributes": [],
          "identity_schema_version": 0,
          "identity": {
            "account_id": "183295454956",
            "policy_arn": "arn:aws:iam::aws:policy/service-role/AWSLambdaBasicExecutionRole",
            "role": "lambda_role"
          },
          "private": "bnVsbA==",
          "dependencies": [
            "aws_iam_role.lambda_exec"
          ]
        }
      ]
    },
    {
      "mode": "managed",
      "type": "aws_lambda_function",
      "name": "csv_to_parquet",
      "provider": "provider[\"registry.terraform.io/hashicorp/aws\"]",
      "instances": [
        {
          "schema_version": 0,
          "attributes": {
            "architectures": [
              "x86_64"
            ],
            "arn": "arn:aws:lambda:eu-west-3:183295454956:function:pullDataFunction",
            "code_sha256": "aLlxQKY74vwqi3S1LG+DMGk1dt8HkryWvqx2uI1Cs8k=",
            "code_signing_config_arn": "",
            "dead_letter_config": [],
            "description": "",
            "environment": [
              {
                "variables": {
                  "QUEUE_URL": "https://sqs.eu-west-3.amazonaws.com/183295454956/my-sqs-queue",
                  "S3_BUCKET_B": "bucket-b-parquet-565"
                }
              }
            ],
            "ephemeral_storage": [
              {
                "size": 512
              }
            ],
            "file_system_config": [],
            "filename": "./pullDataFunction.zip",
            "function_name": "pullDataFunction",
            "handler": "pull_data.lambda_handler",
            "id": "pullDataFunction",
            "image_config": [],
            "image_uri": "",
            "invoke_arn": "arn:aws:apigateway:eu-west-3:lambda:path/2015-03-31/functions/arn:aws:lambda:eu-west-3:183295454956:function:pullDataFunction/invocations",
            "kms_key_arn": "",
            "last_modified": "2025-09-30T08:44:55.375+0000",
            "layers": [
              "arn:aws:lambda:eu-west-3:183295454956:layer:aws-data-wrangler:2"
            ],
            "logging_config": [
              {
                "application_log_level": "",
                "log_format": "Text",
                "log_group": "/aws/lambda/pullDataFunction",
                "system_log_level": ""
              }
            ],
            "memory_size": 250,
            "package_type": "Zip",
            "publish": false,
            "qualified_arn": "arn:aws:lambda:eu-west-3:183295454956:function:pullDataFunction:$LATEST",
            "qualified_invoke_arn": "arn:aws:apigateway:eu-west-3:lambda:path/2015-03-31/functions/arn:aws:lambda:eu-west-3:183295454956:function:pullDataFunction:$LATEST/invocations",
            "region": "eu-west-3",
            "replace_security_groups_on_destroy": null,
            "replacement_security_group_ids": null,
            "reserved_concurrent_executions": -1,
            "role": "arn:aws:iam::183295454956:role/lambda_role",
            "runtime": "python3.13",
            "s3_bucket": null,
            "s3_key": null,
            "s3_object_version": null,
            "signing_job_arn": "",
            "signing_profile_version_arn": "",
            "skip_destroy": false,
            "snap_start": [],
            "source_code_hash": "aLlxQKY74vwqi3S1LG+DMGk1dt8HkryWvqx2uI1Cs8k=",
            "source_code_size": 1077,
            "source_kms_key_arn": "",
            "tags": null,
            "tags_all": {
              "GitRepo": "https://github.com/CallMeSo-gif/serveless-pipeline.git",
              "Owner": "Sorelle Kana",
              "Project": "CSV-to-Parquet"
            },
            "timeout": 10,
            "timeouts": null,
            "tracing_config": [
              {
                "mode": "PassThrough"
              }
            ],
            "version": "$LATEST",
            "vpc_config": []
          },
          "sensitive_attributes": [],
          "identity_schema_version": 0,
          "identity": {
            "account_id": "183295454956",
            "function_name": "pullDataFunction",
            "region": "eu-west-3"
          },
          "private": "eyJlMmJmYjczMC1lY2FhLTExZTYtOGY4OC0zNDM2M2JjN2M0YzAiOnsiY3JlYXRlIjo2MDAwMDAwMDAwMDAsImRlbGV0ZSI6NjAwMDAwMDAwMDAwLCJ1cGRhdGUiOjYwMDAwMDAwMDAwMH19",
          "dependencies": [
            "aws_iam_role.lambda_exec",
            "aws_s3_bucket.tf_bucket_2",
            "aws_sqs_queue.terraform_queue",
            "data.archive_file.zip_lambda2"
          ]
        }
      ]
    },
    {
      "mode": "managed",
      "type": "aws_lambda_function",
      "name": "process_s3_files",
      "provider": "provider[\"registry.terraform.io/hashicorp/aws\"]",
      "instances": [
        {
          "schema_version": 0,
          "attributes": {
            "architectures": [
              "x86_64"
            ],
            "arn": "arn:aws:lambda:eu-west-3:183295454956:function:pushDataFunction",
            "code_sha256": "Tc+TtIr/q6xzIbnDkIOVZq+G5L/opEmBKsVSVAFDVFo=",
            "code_signing_config_arn": "",
            "dead_letter_config": [],
            "description": "",
            "environment": [
              {
                "variables": {
                  "QUEUE_URL": "https://sqs.eu-west-3.amazonaws.com/183295454956/my-sqs-queue"
                }
              }
            ],
            "ephemeral_storage": [
              {
                "size": 512
              }
            ],
            "file_system_config": [],
            "filename": "./pushDataFunction.zip",
            "function_name": "pushDataFunction",
            "handler": "push_data.lambda_handler",
            "id": "pushDataFunction",
            "image_config": [],
            "image_uri": "",
            "invoke_arn": "arn:aws:apigateway:eu-west-3:lambda:path/2015-03-31/functions/arn:aws:lambda:eu-west-3:183295454956:function:pushDataFunction/invocations",
            "kms_key_arn": "",
            "last_modified": "2025-09-30T08:45:01.217+0000",
            "layers": null,
            "logging_config": [
              {
                "application_log_level": "",
                "log_format": "Text",
                "log_group": "/aws/lambda/pushDataFunction",
                "system_log_level": ""
              }
            ],
            "memory_size": 128,
            "package_type": "Zip",
            "publish": false,
            "qualified_arn": "arn:aws:lambda:eu-west-3:183295454956:function:pushDataFunction:$LATEST",
            "qualified_invoke_arn": "arn:aws:apigateway:eu-west-3:lambda:path/2015-03-31/functions/arn:aws:lambda:eu-west-3:183295454956:function:pushDataFunction:$LATEST/invocations",
            "region": "eu-west-3",
            "replace_security_groups_on_destroy": null,
            "replacement_security_group_ids": null,
            "reserved_concurrent_executions": -1,
            "role": "arn:aws:iam::183295454956:role/lambda_role",
            "runtime": "python3.13",
            "s3_bucket": null,
            "s3_key": null,
            "s3_object_version": null,
            "signing_job_arn": "",
            "signing_profile_version_arn": "",
            "skip_destroy": false,
            "snap_start": [],
            "source_code_hash": "Tc+TtIr/q6xzIbnDkIOVZq+G5L/opEmBKsVSVAFDVFo=",
            "source_code_size": 716,
            "source_kms_key_arn": "",
            "tags": {
              "tag-key": "push_data_to_sqs"
            },
            "tags_all": {
              "GitRepo": "https://github.com/CallMeSo-gif/serveless-pipeline.git",
              "Owner": "Sorelle Kana",
              "Project": "CSV-to-Parquet",
              "tag-key": "push_data_to_sqs"
            },
            "timeout": 3,
            "timeouts": null,
            "tracing_config": [
              {
                "mode": "PassThrough"
              }
            ],
            "version": "$LATEST",
            "vpc_config": []
          },
          "sensitive_attributes": [],
          "identity_schema_version": 0,
          "identity": {
            "account_id": "183295454956",
            "function_name": "pushDataFunction",
            "region": "eu-west-3"
          },
          "private": "eyJlMmJmYjczMC1lY2FhLTExZTYtOGY4OC0zNDM2M2JjN2M0YzAiOnsiY3JlYXRlIjo2MDAwMDAwMDAwMDAsImRlbGV0ZSI6NjAwMDAwMDAwMDAwLCJ1cGRhdGUiOjYwMDAwMDAwMDAwMH19",
          "dependencies": [
            "aws_iam_role.lambda_exec",
            "aws_sqs_queue.terraform_queue",
            "data.archive_file.zip_lambda"
          ]
        }
      ]
    },
    {
      "mode": "managed",
      "type": "aws_lambda_permission",
      "name": "allow_events_invoke",
      "provider": "provider[\"registry.terraform.io/hashicorp/aws\"]",
      "instances": [
        {
          "schema_version": 0,
          "attributes": {
            "action": "lambda:InvokeFunction",
            "event_source_token": null,
            "function_name": "pullDataFunction",
            "function_url_auth_type": null,
            "id": "AllowExecutionFromEvents",
            "principal": "events.amazonaws.com",
            "principal_org_id": null,
            "qualifier": "",
            "region": "eu-west-3",
            "source_account": null,
            "source_arn": "arn:aws:events:eu-west-3:183295454956:rule/lambda2_schedule_rule",
            "statement_id": "AllowExecutionFromEvents",
            "statement_id_prefix": ""
          },
          "sensitive_attributes": [],
          "identity_schema_version": 0,
          "identity": {
            "account_id": "183295454956",
            "function_name": "pullDataFunction",
            "qualifier": null,
            "region": "eu-west-3",
            "statement_id": "AllowExecutionFromEvents"
          },
          "private": "bnVsbA==",
          "dependencies": [
            "aws_cloudwatch_event_rule.every_10m",
            "aws_iam_role.lambda_exec",
            "aws_lambda_function.csv_to_parquet",
            "aws_s3_bucket.tf_bucket_2",
            "aws_sqs_queue.terraform_queue",
            "data.archive_file.zip_lambda2"
          ]
        }
      ]
    },
    {
      "mode": "managed",
      "type": "aws_lambda_permission",
      "name": "allow_s3",
      "provider": "provider[\"registry.terraform.io/hashicorp/aws\"]",
      "instances": [
        {
          "schema_version": 0,
          "attributes": {
            "action": "lambda:InvokeFunction",
            "event_source_token": null,
            "function_name": "pushDataFunction",
            "function_url_auth_type": null,
            "id": "AllowS3Invoke",
            "principal": "s3.amazonaws.com",
            "principal_org_id": null,
            "qualifier": "",
            "region": "eu-west-3",
            "source_account": null,
            "source_arn": "arn:aws:s3:::bucket-a-csv-565",
            "statement_id": "AllowS3Invoke",
            "statement_id_prefix": ""
          },
          "sensitive_attributes": [],
          "identity_schema_version": 0,
          "identity": {
            "account_id": "183295454956",
            "function_name": "pushDataFunction",
            "qualifier": null,
            "region": "eu-west-3",
            "statement_id": "AllowS3Invoke"
          },
          "private": "bnVsbA==",
          "dependencies": [
            "aws_iam_role.lambda_exec",
            "aws_lambda_function.process_s3_files",
            "aws_s3_bucket.tf_bucket",
            "aws_sqs_queue.terraform_queue",
            "data.archive_file.zip_lambda"
          ]
        }
      ]
    },
    {
      "mode": "managed",
      "type": "aws_s3_bucket",
      "name": "tf_bucket",
      "provider": "provider[\"registry.terraform.io/hashicorp/aws\"]",
      "instances": [
        {
          "schema_version": 0,
          "attributes": {
            "acceleration_status": "",
            "acl": null,
            "arn": "arn:aws:s3:::bucket-a-csv-565",
            "bucket": "bucket-a-csv-565",
            "bucket_domain_name": "bucket-a-csv-565.s3.amazonaws.com",
            "bucket_prefix": "",
            "bucket_region": "eu-west-3",
            "bucket_regional_domain_name": "bucket-a-csv-565.s3.eu-west-3.amazonaws.com",
            "cors_rule": [],
            "force_destroy": false,
            "grant": [
              {
                "id": "c0af5c80868777da04bffd7341c5f0ccc541a787329dc73f9499d5713f71c1e2",
                "permissions": [
                  "FULL_CONTROL"
                ],
                "type": "CanonicalUser",
                "uri": ""
              }
            ],
            "hosted_zone_id": "Z3R1K369G5AVDG",
            "id": "bucket-a-csv-565",
            "lifecycle_rule": [],
            "logging": [],
            "object_lock_configuration": [],
            "object_lock_enabled": false,
            "policy": "",
            "region": "eu-west-3",
            "replication_configuration": [],
            "request_payer": "BucketOwner",
            "server_side_encryption_configuration": [
              {
                "rule": [
                  {
                    "apply_server_side_encryption_by_default": [
                      {
                        "kms_master_key_id": "",
                        "sse_algorithm": "AES256"
                      }
                    ],
                    "bucket_key_enabled": false
                  }
                ]
              }
            ],
            "tags": {},
            "tags_all": {
              "GitRepo": "https://github.com/CallMeSo-gif/serveless-pipeline.git",
              "Owner": "Sorelle Kana",
              "Project": "CSV-to-Parquet"
            },
            "timeouts": null,
            "versioning": [
              {
                "enabled": false,
                "mfa_delete": false
              }
            ],
            "website": [],
            "website_domain": null,
            "website_endpoint": null
          },
          "sensitive_attributes": [],
          "identity_schema_version": 0,
          "identity": {
            "account_id": "183295454956",
            "bucket": "bucket-a-csv-565",
            "region": "eu-west-3"
          },
          "private": "eyJlMmJmYjczMC1lY2FhLTExZTYtOGY4OC0zNDM2M2JjN2M0YzAiOnsiY3JlYXRlIjoxMjAwMDAwMDAwMDAwLCJkZWxldGUiOjM2MDAwMDAwMDAwMDAsInJlYWQiOjEyMDAwMDAwMDAwMDAsInVwZGF0ZSI6MTIwMDAwMDAwMDAwMH19"
        }
      ]
    },
    {
      "mode": "managed",
      "type": "aws_s3_bucket",
      "name": "tf_bucket_2",
      "provider": "provider[\"registry.terraform.io/hashicorp/aws\"]",
      "instances": [
        {
          "schema_version": 0,
          "attributes": {
            "acceleration_status": "",
            "acl": null,
            "arn": "arn:aws:s3:::bucket-b-parquet-565",
            "bucket": "bucket-b-parquet-565",
            "bucket_domain_name": "bucket-b-parquet-565.s3.amazonaws.com",
            "bucket_prefix": "",
            "bucket_region": "eu-west-3",
            "bucket_regional_domain_name": "bucket-b-parquet-565.s3.eu-west-3.amazonaws.com",
            "cors_rule": [],
            "force_destroy": false,
            "grant": [
              {
                "id": "c0af5c80868777da04bffd7341c5f0ccc541a787329dc73f9499d5713f71c1e2",
                "permissions": [
                  "FULL_CONTROL"
                ],
                "type": "CanonicalUser",
                "uri": ""
              }
            ],
            "hosted_zone_id": "Z3R1K369G5AVDG",
            "id": "bucket-b-parquet-565",
            "lifecycle_rule": [],
            "logging": [],
            "object_lock_configuration": [],
            "object_lock_enabled": false,
            "policy": "",
            "region": "eu-west-3",
            "replication_configuration": [],
            "request_payer": "BucketOwner",
            "server_side_encryption_configuration": [
              {
                "rule": [
                  {
                    "apply_server_side_encryption_by_default": [
                      {
                        "kms_master_key_id": "",
                        "sse_algorithm": "AES256"
                      }
                    ],
                    "bucket_key_enabled": false
                  }
                ]
              }
            ],
            "tags": {},
            "tags_all": {
              "GitRepo": "https://github.com/CallMeSo-gif/serveless-pipeline.git",
              "Owner": "Sorelle Kana",
              "Project": "CSV-to-Parquet"
            },
            "timeouts": null,
            "versioning": [
              {
                "enabled": false,
                "mfa_delete": false
              }
            ],
            "website": [],
            "website_domain": null,
            "website_endpoint": null
          },
          "sensitive_attributes": [],
          "identity_schema_version": 0,
          "identity": {
            "account_id": "183295454956",
            "bucket": "bucket-b-parquet-565",
            "region": "eu-west-3"
          },
          "private": "eyJlMmJmYjczMC1lY2FhLTExZTYtOGY4OC0zNDM2M2JjN2M0YzAiOnsiY3JlYXRlIjoxMjAwMDAwMDAwMDAwLCJkZWxldGUiOjM2MDAwMDAwMDAwMDAsInJlYWQiOjEyMDAwMDAwMDAwMDAsInVwZGF0ZSI6MTIwMDAwMDAwMDAwMH19"
        }
      ]
    },
    {
      "mode": "managed",
      "type": "aws_s3_bucket_notification",
      "name": "bucket_notification",
      "provider": "provider[\"registry.terraform.io/hashicorp/aws\"]",
      "instances": [
        {
          "schema_version": 0,
          "attributes": {
            "bucket": "bucket-a-csv-565",
            "eventbridge": false,
            "id": "bucket-a-csv-565",
            "lambda_function": [
              {
                "events": [
                  "s3:ObjectCreated:*"
                ],
                "filter_prefix": "to_process/",
                "filter_suffix": "",
                "id": "tf-s3-lambda-20250930084506669200000002",
                "lambda_function_arn": "arn:aws:lambda:eu-west-3:183295454956:function:pushDataFunction"
              }
            ],
            "queue": [],
            "region": "eu-west-3",
            "topic": []
          },
          "sensitive_attributes": [],
          "identity_schema_version": 0,
          "identity": {
            "account_id": "183295454956",
            "bucket": "bucket-a-csv-565",
            "region": "eu-west-3"
          },
          "private": "bnVsbA==",
          "dependencies": [
            "aws_iam_role.lambda_exec",
            "aws_lambda_function.process_s3_files",
            "aws_lambda_permission.allow_s3",
            "aws_s3_bucket.tf_bucket",
            "aws_sqs_queue.terraform_queue",
            "data.archive_file.zip_lambda"
          ]
        }
      ]
    },
    {
      "mode": "managed",
      "type": "aws_sqs_queue",
      "name": "terraform_queue",
      "provider": "provider[\"registry.terraform.io/hashicorp/aws\"]",
      "instances": [
        {
          "schema_version": 0,
          "attributes": {
            "arn": "arn:aws:sqs:eu-west-3:183295454956:my-sqs-queue",
            "content_based_deduplication": false,
            "deduplication_scope": "",
            "delay_seconds": 0,
            "fifo_queue": false,
            "fifo_throughput_limit": "",
            "id": "https://sqs.eu-west-3.amazonaws.com/183295454956/my-sqs-queue",
            "kms_data_key_reuse_period_seconds": 300,
            "kms_master_key_id": "",
            "max_message_size": 262144,
            "message_retention_seconds": 86400,
            "name": "my-sqs-queue",
            "name_prefix": "",
            "policy": "",
            "receive_wait_time_seconds": 10,
            "redrive_allow_policy": "",
            "redrive_policy": "",
            "region": "eu-west-3",
            "sqs_managed_sse_enabled": true,
            "tags": null,
            "tags_all": {
              "GitRepo": "https://github.com/CallMeSo-gif/serveless-pipeline.git",
              "Owner": "Sorelle Kana",
              "Project": "CSV-to-Parquet"
            },
            "timeouts": null,
            "url": "https://sqs.eu-west-3.amazonaws.com/183295454956/my-sqs-queue",
            "visibility_timeout_seconds": 30
          },
          "sensitive_attributes": [],
          "identity_schema_version": 0,
          "identity": {
            "account_id": "183295454956",
            "region": "eu-west-3",
            "url": "https://sqs.eu-west-3.amazonaws.com/183295454956/my-sqs-queue"
          },
          "private": "eyJlMmJmYjczMC1lY2FhLTExZTYtOGY4OC0zNDM2M2JjN2M0YzAiOnsiY3JlYXRlIjoxODAwMDAwMDAwMDAsImRlbGV0ZSI6MTgwMDAwMDAwMDAwLCJ1cGRhdGUiOjE4MDAwMDAwMDAwMH19"
        }
      ]
    },
    {
      "module": "module.glue",
      "mode": "managed",
      "type": "aws_glue_catalog_database",
      "name": "parquet-db",
      "provider": "provider[\"registry.terraform.io/hashicorp/aws\"]",
      "instances": [
        {
          "schema_version": 0,
          "attributes": {
            "arn": "arn:aws:glue:eu-west-3:183295454956:database/raw_data_db",
            "catalog_id": "183295454956",
            "create_table_default_permission": [
              {
                "permissions": [
                  "SELECT"
                ],
                "principal": [
                  {
                    "data_lake_principal_identifier": "IAM_ALLOWED_PRINCIPALS"
                  }
                ]
              }
            ],
            "description": "Database for parquet files",
            "federated_database": [],
            "id": "183295454956:raw_data_db",
            "location_uri": "",
            "name": "raw_data_db",
            "parameters": null,
            "region": "eu-west-3",
            "tags": null,
            "tags_all": {
              "GitRepo": "https://github.com/CallMeSo-gif/serveless-pipeline.git",
              "Owner": "Sorelle Kana",
              "Project": "CSV-to-Parquet"
            },
            "target_database": []
          },
          "sensitive_attributes": [],
          "identity_schema_version": 0,
          "private": "bnVsbA=="
        }
      ]
    },
    {
      "module": "module.glue",
      "mode": "managed",
      "type": "aws_glue_catalog_table",
      "name": "parquet-table",
      "provider": "provider[\"registry.terraform.io/hashicorp/aws\"]",
      "instances": [
        {
          "schema_version": 0,
          "attributes": {
            "arn": "arn:aws:glue:eu-west-3:183295454956:table/raw_data_db/raw_table",
            "catalog_id": "183295454956",
            "database_name": "raw_data_db",
            "description": "",
            "id": "183295454956:raw_data_db:raw_table",
            "name": "raw_table",
            "open_table_format_input": [],
            "owner": "",
            "parameters": {
              "EXTERNAL": "TRUE",
              "parquet.compression": "SNAPPY"
            },
            "partition_index": null,
            "partition_keys": [],
            "region": "eu-west-3",
            "retention": 0,
            "storage_descriptor": [],
            "table_type": "EXTERNAL_TABLE",
            "target_table": [],
            "view_expanded_text": "",
            "view_original_text": ""
          },
          "sensitive_attributes": [],
          "identity_schema_version": 0,
          "private": "bnVsbA==",
          "dependencies": [
            "module.glue.aws_glue_catalog_database.parquet-db"
          ]
        }
      ]
    },
    {
      "module": "module.glue",
      "mode": "managed",
      "type": "aws_glue_crawler",
      "name": "parquet-crawler",
      "provider": "provider[\"registry.terraform.io/hashicorp/aws\"]",
      "instances": [
        {
          "schema_version": 0,
          "attributes": {
            "arn": "arn:aws:glue:eu-west-3:183295454956:crawler/raw-data-crawler",
            "catalog_target": [],
            "classifiers": null,
            "configuration": "",
            "database_name": "raw_data_db",
            "delta_target": [],
            "description": "Crawler for parquet files in the S3 bucket",
            "dynamodb_target": [],
            "hudi_target": [],
            "iceberg_target": [],
            "id": "raw-data-crawler",
            "jdbc_target": [],
            "lake_formation_configuration": [
              {
                "account_id": "",
                "use_lake_formation_credentials": false
              }
            ],
            "lineage_configuration": [
              {
                "crawler_lineage_settings": "DISABLE"
              }
            ],
            "mongodb_target": [],
            "name": "raw-data-crawler",
            "recrawl_policy": [
              {
                "recrawl_behavior": "CRAWL_EVERYTHING"
              }
            ],
            "region": "eu-west-3",
            "role": "glue-role",
            "s3_target": [
              {
                "connection_name": "",
                "dlq_event_queue_arn": "",
                "event_queue_arn": "",
                "exclusions": null,
                "path": "s3://bucket-b-parquet-565",
                "sample_size": 0
              }
            ],
            "schedule": "",
            "schema_change_policy": [
              {
                "delete_behavior": "DEPRECATE_IN_DATABASE",
                "update_behavior": "UPDATE_IN_DATABASE"
              }
            ],
            "security_configuration": "",
            "table_prefix": "parquet_",
            "tags": null,
            "tags_all": {
              "GitRepo": "https://github.com/CallMeSo-gif/serveless-pipeline.git",
              "Owner": "Sorelle Kana",
              "Project": "CSV-to-Parquet"
            }
          },
          "sensitive_attributes": [],
          "identity_schema_version": 0,
          "private": "bnVsbA==",
          "dependencies": [
            "aws_s3_bucket.tf_bucket_2",
            "module.glue.aws_iam_role.glue-role"
          ]
        }
      ]
    },
    {
      "module": "module.glue",
      "mode": "managed",
      "type": "aws_glue_job",
      "name": "etl_job",
      "provider": "provider[\"registry.terraform.io/hashicorp/aws\"]",
      "instances": [
        {
          "schema_version": 0,
          "attributes": {
            "arn": "arn:aws:glue:eu-west-3:183295454956:job/my-etl-job",
            "command": [
              {
                "name": "pythonshell",
                "python_version": "3",
                "runtime": "",
                "script_location": "s3://bucket-b-parquet-565/jobs/etl_job.py"
              }
            ],
            "connections": null,
            "default_arguments": null,
            "description": "A glue ETL job to read the data fromm dthe bucket, transform it and write to another bucket",
            "execution_class": "STANDARD",
            "execution_property": [
              {
                "max_concurrent_runs": 1
              }
            ],
            "glue_version": "5.0",
            "id": "my-etl-job",
            "job_mode": "SCRIPT",
            "job_run_queuing_enabled": false,
            "maintenance_window": "",
            "max_capacity": 1,
            "max_retries": 0,
            "name": "my-etl-job",
            "non_overridable_arguments": null,
            "notification_property": [
              {
                "notify_delay_after": 3
              }
            ],
            "number_of_workers": 0,
            "region": "eu-west-3",
            "role_arn": "arn:aws:iam::183295454956:role/glue-role",
            "security_configuration": "",
            "source_control_details": [],
            "tags": {
              "Description": "Activite 3 avec Glue",
              "Type": "G.1X",
              "Workers": "2"
            },
            "tags_all": {
              "Description": "Activite 3 avec Glue",
              "GitRepo": "https://github.com/CallMeSo-gif/serveless-pipeline.git",
              "Owner": "Sorelle Kana",
              "Project": "CSV-to-Parquet",
              "Type": "G.1X",
              "Workers": "2"
            },
            "timeout": 2880,
            "worker_type": ""
          },
          "sensitive_attributes": [],
          "identity_schema_version": 0,
          "private": "bnVsbA==",
          "dependencies": [
            "aws_s3_bucket.tf_bucket_2",
            "module.glue.aws_iam_role.glue-role"
          ]
        }
      ]
    },
    {
      "module": "module.glue",
      "mode": "managed",
      "type": "aws_iam_policy",
      "name": "glue-policy",
      "provider": "provider[\"registry.terraform.io/hashicorp/aws\"]",
      "instances": [
        {
          "schema_version": 0,
          "attributes": {
            "arn": "arn:aws:iam::183295454956:policy/example-policy",
            "attachment_count": 0,
            "description": "IAM policy for Glue Crawler to access S3 and CloudWatch",
            "id": "arn:aws:iam::183295454956:policy/example-policy",
            "name": "example-policy",
            "name_prefix": "",
            "path": "/",
            "policy": "{\"Statement\":[{\"Action\":[\"s3:ListBucket\",\"s3:GetObject\",\"s3:PutObject\",\"s3:DeleteObject\"],\"Effect\":\"Allow\",\"Resource\":[\"arn:aws:s3:::bucket-a-csv-565/*\",\"arn:aws:s3:::bucket-b-parquet-565/*\",\"arn:aws:s3:::bucket-a-csv-565\",\"arn:aws:s3:::bucket-b-parquet-565\"]},{\"Action\":[\"logs:CreateLogGroup\",\"logs:CreateLogStream\",\"logs:PutLogEvents\"],\"Effect\":\"Allow\",\"Resource\":\"*\"},{\"Action\":[\"glue:*\"],\"Effect\":\"Allow\",\"Resource\":\"*\"}],\"Version\":\"2012-10-17\"}",
            "policy_id": "ANPASVLKCV3WICTXF7XSB",
            "tags": null,
            "tags_all": {
              "GitRepo": "https://github.com/CallMeSo-gif/serveless-pipeline.git",
              "Owner": "Sorelle Kana",
              "Project": "CSV-to-Parquet"
            }
          },
          "sensitive_attributes": [],
          "identity_schema_version": 0,
          "identity": {
            "arn": "arn:aws:iam::183295454956:policy/example-policy"
          },
          "private": "bnVsbA==",
          "dependencies": [
            "aws_s3_bucket.tf_bucket",
            "aws_s3_bucket.tf_bucket_2"
          ]
        }
      ]
    },
    {
      "module": "module.glue",
      "mode": "managed",
      "type": "aws_iam_role",
      "name": "glue-role",
      "provider": "provider[\"registry.terraform.io/hashicorp/aws\"]",
      "instances": [
        {
          "schema_version": 0,
          "attributes": {
            "arn": "arn:aws:iam::183295454956:role/glue-role",
            "assume_role_policy": "{\"Statement\":[{\"Action\":\"sts:AssumeRole\",\"Effect\":\"Allow\",\"Principal\":{\"Service\":\"glue.amazonaws.com\"}}],\"Version\":\"2012-10-17\"}",
            "create_date": "2025-09-30T08:44:04Z",
            "description": "",
            "force_detach_policies": false,
            "id": "glue-role",
            "inline_policy": [],
            "managed_policy_arns": [],
            "max_session_duration": 3600,
            "name": "glue-role",
            "name_prefix": "",
            "path": "/",
            "permissions_boundary": "",
            "tags": null,
            "tags_all": {
              "GitRepo": "https://github.com/CallMeSo-gif/serveless-pipeline.git",
              "Owner": "Sorelle Kana",
              "Project": "CSV-to-Parquet"
            },
            "unique_id": "AROASVLKCV3WHCKM24YA5"
          },
          "sensitive_attributes": [],
          "identity_schema_version": 0,
          "identity": {
            "account_id": "183295454956",
            "name": "glue-role"
          },
          "private": "bnVsbA=="
        }
      ]
    },
    {
      "module": "module.glue",
      "mode": "managed",
      "type": "aws_iam_role_policy_attachment",
      "name": "example-attach",
      "provider": "provider[\"registry.terraform.io/hashicorp/aws\"]",
      "instances": [
        {
          "schema_version": 0,
          "attributes": {
            "id": "glue-role/arn:aws:iam::183295454956:policy/example-policy",
            "policy_arn": "arn:aws:iam::183295454956:policy/example-policy",
            "role": "glue-role"
          },
          "sensitive_attributes": [],
          "identity_schema_version": 0,
          "identity": {
            "account_id": "183295454956",
            "policy_arn": "arn:aws:iam::183295454956:policy/example-policy",
            "role": "glue-role"
          },
          "private": "bnVsbA==",
          "dependencies": [
            "aws_s3_bucket.tf_bucket",
            "aws_s3_bucket.tf_bucket_2",
            "module.glue.aws_iam_policy.glue-policy",
            "module.glue.aws_iam_role.glue-role"
          ]
        }
      ]
    }
  ],
  "check_results": null
}
